
Microsoft Visual Studio Solution File, Format Version 11.00
# Visual Studio 2010
Project("{FAE04EC0-301F-11D3-BF4B-00C04F79EFBC}") = "JoeBlogs", "JoeBlogs\JoeBlogs.csproj", "{340C4EC4-B02E-42A9-A8FE-2871ED8315E0}"
EndProject
Project("{FAE04EC0-301F-11D3-BF4B-00C04F79EFBC}") = "JoeBlogs.UnitTests", "JoeBlogs.UnitTests\JoeBlogs.UnitTests.csproj", "{688DAB01-99BA-4918-A038-6985B8A0362C}"
EndProject
Project("{FAE04EC0-301F-11D3-BF4B-00C04F79EFBC}") = "JoeBlogs.TestConsole", "JoeBlogs.TestConsole\JoeBlogs.TestConsole.csproj", "{47B55666-38C2-4F85-991B-05671231A479}"
EndProject
Project("{FAE04EC0-301F-11D3-BF4B-00C04F79EFBC}") = "JoeBlogs.IntegrationTests", "JoeBlogs.IntegrationTests\JoeBlogs.IntegrationTests.csproj", "{F3499C14-3885-4176-81DA-1C9E007B5808}"
EndProject
Global
	GlobalSection(SolutionConfigurationPlatforms) = preSolution
		Debug|Any CPU = Debug|Any CPU
		Debug|Mixed Platforms = Debug|Mixed Platforms
		Debug|x86 = Debug|x86
		Release|Any CPU = Release|Any CPU
		Release|Mixed Platforms = Release|Mixed Platforms
		Release|x86 = Release|x86
	EndGlobalSection
	GlobalSection(ProjectConfigurationPlatforms) = postSolution
		{340C4EC4-B02E-42A9-A8FE-2871ED8315E0}.Debug|Any CPU.ActiveCfg = Debug|Any CPU
		{340C4EC4-B02E-42A9-A8FE-2871ED8315E0}.Debug|Any CPU.Build.0 = Debug|Any CPU
		{340C4EC4-B02E-42A9-A8FE-2871ED8315E0}.Debug|Mixed Platforms.ActiveCfg = Debug|Any CPU
		{340C4EC4-B02E-42A9-A8FE-2871ED8315E0}.Debug|Mixed Platforms.Build.0 = Debug|Any CPU
		{340C4EC4-B02E-42A9-A8FE-2871ED8315E0}.Debug|x86.ActiveCfg = Debug|Any CPU
		{340C4EC4-B02E-42A9-A8FE-2871ED8315E0}.Release|Any CPU.ActiveCfg = Release|Any CPU
		{340C4EC4-B02E-42A9-A8FE-2871ED8315E0}.Release|Any CPU.Build.0 = Release|Any CPU
		{340C4EC4-B02E-42A9-A8FE-2871ED8315E0}.Release|Mixed Platforms.ActiveCfg = Release|Any CPU
		{340C4EC4-B02E-42A9-A8FE-2871ED8315E0}.Release|Mixed Platforms.Build.0 = Release|Any CPU
		{340C4EC4-B02E-42A9-A8FE-2871ED8315E0}.Release|x86.ActiveCfg = Release|Any CPU
		{688DAB01-99BA-4918-A038-6985B8A0362C}.Debug|Any CPU.ActiveCfg = Debug|Any CPU
		{688DAB01-99BA-4918-A038-6985B8A0362C}.Debug|Any CPU.Build.0 = Debug|Any CPU
		{688DAB01-99BA-4918-A038-6985B8A0362C}.Debug|Mixed Platforms.ActiveCfg = Debug|Any CPU
		{688DAB01-99BA-4918-A038-6985B8A0362C}.Debug|Mixed Platforms.Build.0 = Debug|Any CPU
		{688DAB01-99BA-4918-A038-6985B8A0362C}.Debug|x86.ActiveCfg = Debug|Any CPU
		{688DAB01-99BA-4918-A038-6985B8A0362C}.Release|Any CPU.ActiveCfg = Release|Any CPU
		{688DAB01-99BA-4918-A038-6985B8A0362C}.Release|Any CPU.Build.0 = Release|Any CPU
		{688DAB01-99BA-4918-A038-6985B8A0362C}.Release|Mixed Platforms.ActiveCfg = Release|Any CPU
		{688DAB01-99BA-4918-A038-6985B8A0362C}.Release|Mixed Platforms.Build.0 = Release|Any CPU
		{688DAB01-99BA-4918-A038-6985B8A0362C}.Release|x86.ActiveCfg = Release|Any CPU
		{47B55666-38C2-4F85-991B-05671231A479}.Debug|Any CPU.ActiveCfg = Debug|x86
		{47B55666-38C2-4F85-991B-05671231A479}.Debug|Mixed Platforms.ActiveCfg = Debug|x86
		{47B55666-38C2-4F85-991B-05671231A479}.Debug|Mixed Platforms.Build.0 = Debug|x86
		{47B55666-38C2-4F85-991B-05671231A479}.Debug|x86.ActiveCfg = Debug|x86
		{47B55666-38C2-4F85-991B-05671231A479}.Debug|x86.Build.0 = Debug|x86
		{47B55666-38C2-4F85-991B-05671231A479}.Release|Any CPU.ActiveCfg = Release|x86
		{47B55666-38C2-4F85-991B-05671231A479}.Release|Mixed Platforms.ActiveCfg = Release|x86
		{47B55666-38C2-4F85-991B-05671231A479}.Release|Mixed Platforms.Build.0 = Release|x86
		{47B55666-38C2-4F85-991B-05671231A479}.Release|x86.ActiveCfg = Release|x86
		{47B55666-38C2-4F85-991B-05671231A479}.Release|x86.Build.0 = Release|x86
		{F3499C14-3885-4176-81DA-1C9E007B5808}.Debug|Any CPU.ActiveCfg = Debug|Any CPU
		{F3499C14-3885-4176-81DA-1C9E007B5808}.Debug|Any CPU.Build.0 = Debug|Any CPU
		{F3499C14-3885-4176-81DA-1C9E007B5808}.Debug|Mixed Platforms.ActiveCfg = Debug|Any CPU
		{F3499C14-3885-4176-81DA-1C9E007B5808}.Debug|Mixed Platforms.Build.0 = Debug|Any CPU
		{F3499C14-3885-4176-81DA-1C9E007B5808}.Debug|x86.ActiveCfg = Debug|Any CPU
		{F3499C14-3885-4176-81DA-1C9E007B5808}.Release|Any CPU.ActiveCfg = Release|Any CPU
		{F3499C14-3885-4176-81DA-1C9E007B5808}.Release|Any CPU.Build.0 = Release|Any CPU
		{F3499C14-3885-4176-81DA-1C9E007B5808}.Release|Mixed Platforms.ActiveCfg = Release|Any CPU
		{F3499C14-3885-4176-81DA-1C9E007B5808}.Release|Mixed Platforms.Build.0 = Release|Any CPU
		{F3499C14-3885-4176-81DA-1C9E007B5808}.Release|x86.ActiveCfg = Release|Any CPU
	EndGlobalSection
	GlobalSection(SolutionProperties) = preSolution
		HideSolutionNode = FALSE
	EndGlobalSection
EndGlobal
